// !$*UTF8*$!
{
	archiveVersion = 1;
	classes = {
	};
	objectVersion = 56;
	objects = {

/* Begin PBXBuildFile section */
		7532A62A2C0A4D4E00CB67DA /* Whiskey_Recommender_ApplicationApp.swift in Sources */ = {isa = PBXBuildFile; fileRef = 7532A6292C0A4D4E00CB67DA /* Whiskey_Recommender_ApplicationApp.swift */; };
		7532A62C2C0A4D4E00CB67DA /* ContentView.swift in Sources */ = {isa = PBXBuildFile; fileRef = 7532A62B2C0A4D4E00CB67DA /* ContentView.swift */; };
		7532A62E2C0A4D5300CB67DA /* Assets.xcassets in Resources */ = {isa = PBXBuildFile; fileRef = 7532A62D2C0A4D5300CB67DA /* Assets.xcassets */; };
		7532A6312C0A4D5300CB67DA /* Preview Assets.xcassets in Resources */ = {isa = PBXBuildFile; fileRef = 7532A6302C0A4D5300CB67DA /* Preview Assets.xcassets */; };
		7532A63B2C0A4D5300CB67DA /* Whiskey_Recommender_ApplicationTests.swift in Sources */ = {isa = PBXBuildFile; fileRef = 7532A63A2C0A4D5300CB67DA /* Whiskey_Recommender_ApplicationTests.swift */; };
		7532A6452C0A4D5400CB67DA /* Whiskey_Recommender_ApplicationUITests.swift in Sources */ = {isa = PBXBuildFile; fileRef = 7532A6442C0A4D5400CB67DA /* Whiskey_Recommender_ApplicationUITests.swift */; };
		7532A6472C0A4D5400CB67DA /* Whiskey_Recommender_ApplicationUITestsLaunchTests.swift in Sources */ = {isa = PBXBuildFile; fileRef = 7532A6462C0A4D5400CB67DA /* Whiskey_Recommender_ApplicationUITestsLaunchTests.swift */; };
/* End PBXBuildFile section */

/* Begin PBXContainerItemProxy section */
		7532A6372C0A4D5300CB67DA /* PBXContainerItemProxy */ = {
			isa = PBXContainerItemProxy;
			containerPortal = 7532A61E2C0A4D4E00CB67DA /* Project object */;
			proxyType = 1;
			remoteGlobalIDString = 7532A6252C0A4D4E00CB67DA;
			remoteInfo = "Whiskey-Recommender-Application";
		};
		7532A6412C0A4D5400CB67DA /* PBXContainerItemProxy */ = {
			isa = PBXContainerItemProxy;
			containerPortal = 7532A61E2C0A4D4E00CB67DA /* Project object */;
			proxyType = 1;
			remoteGlobalIDString = 7532A6252C0A4D4E00CB67DA;
			remoteInfo = "Whiskey-Recommender-Application";
		};
/* End PBXContainerItemProxy section */

/* Begin PBXFileReference section */
		7532A6262C0A4D4E00CB67DA /* Whiskey-Recommender-Application.app */ = {isa = PBXFileReference; explicitFileType = wrapper.application; includeInIndex = 0; path = "Whiskey-Recommender-Application.app"; sourceTree = BUILT_PRODUCTS_DIR; };
		7532A6292C0A4D4E00CB67DA /* Whiskey_Recommender_ApplicationApp.swift */ = {isa = PBXFileReference; lastKnownFileType = sourcecode.swift; path = Whiskey_Recommender_ApplicationApp.swift; sourceTree = "<group>"; };
		7532A62B2C0A4D4E00CB67DA /* ContentView.swift */ = {isa = PBXFileReference; lastKnownFileType = sourcecode.swift; path = ContentView.swift; sourceTree = "<group>"; };
		7532A62D2C0A4D5300CB67DA /* Assets.xcassets */ = {isa = PBXFileReference; lastKnownFileType = folder.assetcatalog; path = Assets.xcassets; sourceTree = "<group>"; };
		7532A6302C0A4D5300CB67DA /* Preview Assets.xcassets */ = {isa = PBXFileReference; lastKnownFileType = folder.assetcatalog; path = "Preview Assets.xcassets"; sourceTree = "<group>"; };
		7532A6362C0A4D5300CB67DA /* Whiskey-Recommender-ApplicationTests.xctest */ = {isa = PBXFileReference; explicitFileType = wrapper.cfbundle; includeInIndex = 0; path = "Whiskey-Recommender-ApplicationTests.xctest"; sourceTree = BUILT_PRODUCTS_DIR; };
		7532A63A2C0A4D5300CB67DA /* Whiskey_Recommender_ApplicationTests.swift */ = {isa = PBXFileReference; lastKnownFileType = sourcecode.swift; path = Whiskey_Recommender_ApplicationTests.swift; sourceTree = "<group>"; };
		7532A6402C0A4D5400CB67DA /* Whiskey-Recommender-ApplicationUITests.xctest */ = {isa = PBXFileReference; explicitFileType = wrapper.cfbundle; includeInIndex = 0; path = "Whiskey-Recommender-ApplicationUITests.xctest"; sourceTree = BUILT_PRODUCTS_DIR; };
		7532A6442C0A4D5400CB67DA /* Whiskey_Recommender_ApplicationUITests.swift */ = {isa = PBXFileReference; lastKnownFileType = sourcecode.swift; path = Whiskey_Recommender_ApplicationUITests.swift; sourceTree = "<group>"; };
		7532A6462C0A4D5400CB67DA /* Whiskey_Recommender_ApplicationUITestsLaunchTests.swift */ = {isa = PBXFileReference; lastKnownFileType = sourcecode.swift; path = Whiskey_Recommender_ApplicationUITestsLaunchTests.swift; sourceTree = "<group>"; };
/* End PBXFileReference section */

/* Begin PBXFrameworksBuildPhase section */
		7532A6232C0A4D4E00CB67DA /* Frameworks */ = {
			isa = PBXFrameworksBuildPhase;
			buildActionMask = 2147483647;
			files = (
			);
			runOnlyForDeploymentPostprocessing = 0;
		};
		7532A6332C0A4D5300CB67DA /* Frameworks */ = {
			isa = PBXFrameworksBuildPhase;
			buildActionMask = 2147483647;
			files = (
			);
			runOnlyForDeploymentPostprocessing = 0;
		};
		7532A63D2C0A4D5400CB67DA /* Frameworks */ = {
			isa = PBXFrameworksBuildPhase;
			buildActionMask = 2147483647;
			files = (
			);
			runOnlyForDeploymentPostprocessing = 0;
		};
/* End PBXFrameworksBuildPhase section */

/* Begin PBXGroup section */
		7532A61D2C0A4D4E00CB67DA = {
			isa = PBXGroup;
			children = (
				7532A6282C0A4D4E00CB67DA /* Whiskey-Recommender-Application */,
				7532A6392C0A4D5300CB67DA /* Whiskey-Recommender-ApplicationTests */,
				7532A6432C0A4D5400CB67DA /* Whiskey-Recommender-ApplicationUITests */,
				7532A6272C0A4D4E00CB67DA /* Products */,
			);
			sourceTree = "<group>";
		};
		7532A6272C0A4D4E00CB67DA /* Products */ = {
			isa = PBXGroup;
			children = (
				7532A6262C0A4D4E00CB67DA /* Whiskey-Recommender-Application.app */,
				7532A6362C0A4D5300CB67DA /* Whiskey-Recommender-ApplicationTests.xctest */,
				7532A6402C0A4D5400CB67DA /* Whiskey-Recommender-ApplicationUITests.xctest */,
			);
			name = Products;
			sourceTree = "<group>";
		};
		7532A6282C0A4D4E00CB67DA /* Whiskey-Recommender-Application */ = {
			isa = PBXGroup;
			children = (
				7532A6292C0A4D4E00CB67DA /* Whiskey_Recommender_ApplicationApp.swift */,
				7532A62B2C0A4D4E00CB67DA /* ContentView.swift */,
				7532A62D2C0A4D5300CB67DA /* Assets.xcassets */,
				7532A62F2C0A4D5300CB67DA /* Preview Content */,
			);
			path = "Whiskey-Recommender-Application";
			sourceTree = "<group>";
		};
		7532A62F2C0A4D5300CB67DA /* Preview Content */ = {
			isa = PBXGroup;
			children = (
				7532A6302C0A4D5300CB67DA /* Preview Assets.xcassets */,
			);
			path = "Preview Content";
			sourceTree = "<group>";
		};
		7532A6392C0A4D5300CB67DA /* Whiskey-Recommender-ApplicationTests */ = {
			isa = PBXGroup;
			children = (
				7532A63A2C0A4D5300CB67DA /* Whiskey_Recommender_ApplicationTests.swift */,
			);
			path = "Whiskey-Recommender-ApplicationTests";
			sourceTree = "<group>";
		};
		7532A6432C0A4D5400CB67DA /* Whiskey-Recommender-ApplicationUITests */ = {
			isa = PBXGroup;
			children = (
				7532A6442C0A4D5400CB67DA /* Whiskey_Recommender_ApplicationUITests.swift */,
				7532A6462C0A4D5400CB67DA /* Whiskey_Recommender_ApplicationUITestsLaunchTests.swift */,
			);
			path = "Whiskey-Recommender-ApplicationUITests";
			sourceTree = "<group>";
		};
/* End PBXGroup section */

/* Begin PBXNativeTarget section */
		7532A6252C0A4D4E00CB67DA /* Whiskey-Recommender-Application */ = {
			isa = PBXNativeTarget;
			buildConfigurationList = 7532A64A2C0A4D5400CB67DA /* Build configuration list for PBXNativeTarget "Whiskey-Recommender-Application" */;
			buildPhases = (
				7532A6222C0A4D4E00CB67DA /* Sources */,
				7532A6232C0A4D4E00CB67DA /* Frameworks */,
				7532A6242C0A4D4E00CB67DA /* Resources */,
			);
			buildRules = (
			);
			dependencies = (
			);
			name = "Whiskey-Recommender-Application";
			productName = "Whiskey-Recommender-Application";
			productReference = 7532A6262C0A4D4E00CB67DA /* Whiskey-Recommender-Application.app */;
			productType = "com.apple.product-type.application";
		};
		7532A6352C0A4D5300CB67DA /* Whiskey-Recommender-ApplicationTests */ = {
			isa = PBXNativeTarget;
			buildConfigurationList = 7532A64D2C0A4D5400CB67DA /* Build configuration list for PBXNativeTarget "Whiskey-Recommender-ApplicationTests" */;
			buildPhases = (
				7532A6322C0A4D5300CB67DA /* Sources */,
				7532A6332C0A4D5300CB67DA /* Frameworks */,
				7532A6342C0A4D5300CB67DA /* Resources */,
			);
			buildRules = (
			);
			dependencies = (
				7532A6382C0A4D5300CB67DA /* PBXTargetDependency */,
			);
			name = "Whiskey-Recommender-ApplicationTests";
			productName = "Whiskey-Recommender-ApplicationTests";
			productReference = 7532A6362C0A4D5300CB67DA /* Whiskey-Recommender-ApplicationTests.xctest */;
			productType = "com.apple.product-type.bundle.unit-test";
		};
		7532A63F2C0A4D5400CB67DA /* Whiskey-Recommender-ApplicationUITests */ = {
			isa = PBXNativeTarget;
			buildConfigurationList = 7532A6502C0A4D5400CB67DA /* Build configuration list for PBXNativeTarget "Whiskey-Recommender-ApplicationUITests" */;
			buildPhases = (
				7532A63C2C0A4D5400CB67DA /* Sources */,
				7532A63D2C0A4D5400CB67DA /* Frameworks */,
				7532A63E2C0A4D5400CB67DA /* Resources */,
			);
			buildRules = (
			);
			dependencies = (
				7532A6422C0A4D5400CB67DA /* PBXTargetDependency */,
			);
			name = "Whiskey-Recommender-ApplicationUITests";
			productName = "Whiskey-Recommender-ApplicationUITests";
			productReference = 7532A6402C0A4D5400CB67DA /* Whiskey-Recommender-ApplicationUITests.xctest */;
			productType = "com.apple.product-type.bundle.ui-testing";
		};
/* End PBXNativeTarget section */

/* Begin PBXProject section */
		7532A61E2C0A4D4E00CB67DA /* Project object */ = {
			isa = PBXProject;
			attributes = {
				BuildIndependentTargetsInParallel = 1;
				LastSwiftUpdateCheck = 1540;
				LastUpgradeCheck = 1540;
				TargetAttributes = {
					7532A6252C0A4D4E00CB67DA = {
						CreatedOnToolsVersion = 15.4;
					};
					7532A6352C0A4D5300CB67DA = {
						CreatedOnToolsVersion = 15.4;
						TestTargetID = 7532A6252C0A4D4E00CB67DA;
					};
					7532A63F2C0A4D5400CB67DA = {
						CreatedOnToolsVersion = 15.4;
						TestTargetID = 7532A6252C0A4D4E00CB67DA;
					};
				};
			};
			buildConfigurationList = 7532A6212C0A4D4E00CB67DA /* Build configuration list for PBXProject "Whiskey-Recommender-Application" */;
			compatibilityVersion = "Xcode 14.0";
			developmentRegion = en;
			hasScannedForEncodings = 0;
			knownRegions = (
				en,
				Base,
			);
			mainGroup = 7532A61D2C0A4D4E00CB67DA;
			productRefGroup = 7532A6272C0A4D4E00CB67DA /* Products */;
			projectDirPath = "";
			projectRoot = "";
			targets = (
				7532A6252C0A4D4E00CB67DA /* Whiskey-Recommender-Application */,
				7532A6352C0A4D5300CB67DA /* Whiskey-Recommender-ApplicationTests */,
				7532A63F2C0A4D5400CB67DA /* Whiskey-Recommender-ApplicationUITests */,
			);
		};
/* End PBXProject section */

/* Begin PBXResourcesBuildPhase section */
		7532A6242C0A4D4E00CB67DA /* Resources */ = {
			isa = PBXResourcesBuildPhase;
			buildActionMask = 2147483647;
			files = (
				7532A6312C0A4D5300CB67DA /* Preview Assets.xcassets in Resources */,
				7532A62E2C0A4D5300CB67DA /* Assets.xcassets in Resources */,
			);
			runOnlyForDeploymentPostprocessing = 0;
		};
		7532A6342C0A4D5300CB67DA /* Resources */ = {
			isa = PBXResourcesBuildPhase;
			buildActionMask = 2147483647;
			files = (
			);
			runOnlyForDeploymentPostprocessing = 0;
		};
		7532A63E2C0A4D5400CB67DA /* Resources */ = {
			isa = PBXResourcesBuildPhase;
			buildActionMask = 2147483647;
			files = (
			);
			runOnlyForDeploymentPostprocessing = 0;
		};
/* End PBXResourcesBuildPhase section */

/* Begin PBXSourcesBuildPhase section */
		7532A6222C0A4D4E00CB67DA /* Sources */ = {
			isa = PBXSourcesBuildPhase;
			buildActionMask = 2147483647;
			files = (
				7532A62C2C0A4D4E00CB67DA /* ContentView.swift in Sources */,
				7532A62A2C0A4D4E00CB67DA /* Whiskey_Recommender_ApplicationApp.swift in Sources */,
			);
			runOnlyForDeploymentPostprocessing = 0;
		};
		7532A6322C0A4D5300CB67DA /* Sources */ = {
			isa = PBXSourcesBuildPhase;
			buildActionMask = 2147483647;
			files = (
				7532A63B2C0A4D5300CB67DA /* Whiskey_Recommender_ApplicationTests.swift in Sources */,
			);
			runOnlyForDeploymentPostprocessing = 0;
		};
		7532A63C2C0A4D5400CB67DA /* Sources */ = {
			isa = PBXSourcesBuildPhase;
			buildActionMask = 2147483647;
			files = (
				7532A6472C0A4D5400CB67DA /* Whiskey_Recommender_ApplicationUITestsLaunchTests.swift in Sources */,
				7532A6452C0A4D5400CB67DA /* Whiskey_Recommender_ApplicationUITests.swift in Sources */,
			);
			runOnlyForDeploymentPostprocessing = 0;
		};
/* End PBXSourcesBuildPhase section */

/* Begin PBXTargetDependency section */
		7532A6382C0A4D5300CB67DA /* PBXTargetDependency */ = {
			isa = PBXTargetDependency;
			target = 7532A6252C0A4D4E00CB67DA /* Whiskey-Recommender-Application */;
			targetProxy = 7532A6372C0A4D5300CB67DA /* PBXContainerItemProxy */;
		};
		7532A6422C0A4D5400CB67DA /* PBXTargetDependency */ = {
			isa = PBXTargetDependency;
			target = 7532A6252C0A4D4E00CB67DA /* Whiskey-Recommender-Application */;
			targetProxy = 7532A6412C0A4D5400CB67DA /* PBXContainerItemProxy */;
		};
/* End PBXTargetDependency section */

/* Begin XCBuildConfiguration section */
		7532A6482C0A4D5400CB67DA /* Debug */ = {
			isa = XCBuildConfiguration;
			buildSettings = {
				ALWAYS_SEARCH_USER_PATHS = NO;
				ASSETCATALOG_COMPILER_GENERATE_SWIFT_ASSET_SYMBOL_EXTENSIONS = YES;
				CLANG_ANALYZER_NONNULL = YES;
				CLANG_ANALYZER_NUMBER_OBJECT_CONVERSION = YES_AGGRESSIVE;
				CLANG_CXX_LANGUAGE_STANDARD = "gnu++20";
				CLANG_ENABLE_MODULES = YES;
				CLANG_ENABLE_OBJC_ARC = YES;
				CLANG_ENABLE_OBJC_WEAK = YES;
				CLANG_WARN_BLOCK_CAPTURE_AUTORELEASING = YES;
				CLANG_WARN_BOOL_CONVERSION = YES;
				CLANG_WARN_COMMA = YES;
				CLANG_WARN_CONSTANT_CONVERSION = YES;
				CLANG_WARN_DEPRECATED_OBJC_IMPLEMENTATIONS = YES;
				CLANG_WARN_DIRECT_OBJC_ISA_USAGE = YES_ERROR;
				CLANG_WARN_DOCUMENTATION_COMMENTS = YES;
				CLANG_WARN_EMPTY_BODY = YES;
				CLANG_WARN_ENUM_CONVERSION = YES;
				CLANG_WARN_INFINITE_RECURSION = YES;
				CLANG_WARN_INT_CONVERSION = YES;
				CLANG_WARN_NON_LITERAL_NULL_CONVERSION = YES;
				CLANG_WARN_OBJC_IMPLICIT_RETAIN_SELF = YES;
				CLANG_WARN_OBJC_LITERAL_CONVERSION = YES;
				CLANG_WARN_OBJC_ROOT_CLASS = YES_ERROR;
				CLANG_WARN_QUOTED_INCLUDE_IN_FRAMEWORK_HEADER = YES;
				CLANG_WARN_RANGE_LOOP_ANALYSIS = YES;
				CLANG_WARN_STRICT_PROTOTYPES = YES;
				CLANG_WARN_SUSPICIOUS_MOVE = YES;
				CLANG_WARN_UNGUARDED_AVAILABILITY = YES_AGGRESSIVE;
				CLANG_WARN_UNREACHABLE_CODE = YES;
				CLANG_WARN__DUPLICATE_METHOD_MATCH = YES;
				COPY_PHASE_STRIP = NO;
				DEBUG_INFORMATION_FORMAT = dwarf;
				ENABLE_STRICT_OBJC_MSGSEND = YES;
				ENABLE_TESTABILITY = YES;
				ENABLE_USER_SCRIPT_SANDBOXING = YES;
				GCC_C_LANGUAGE_STANDARD = gnu17;
				GCC_DYNAMIC_NO_PIC = NO;
				GCC_NO_COMMON_BLOCKS = YES;
				GCC_OPTIMIZATION_LEVEL = 0;
				GCC_PREPROCESSOR_DEFINITIONS = (
					"DEBUG=1",
					"$(inherited)",
				);
				GCC_WARN_64_TO_32_BIT_CONVERSION = YES;
				GCC_WARN_ABOUT_RETURN_TYPE = YES_ERROR;
				GCC_WARN_UNDECLARED_SELECTOR = YES;
				GCC_WARN_UNINITIALIZED_AUTOS = YES_AGGRESSIVE;
				GCC_WARN_UNUSED_FUNCTION = YES;
				GCC_WARN_UNUSED_VARIABLE = YES;
				IPHONEOS_DEPLOYMENT_TARGET = 17.5;
				LOCALIZATION_PREFERS_STRING_CATALOGS = YES;
				MTL_ENABLE_DEBUG_INFO = INCLUDE_SOURCE;
				MTL_FAST_MATH = YES;
				ONLY_ACTIVE_ARCH = YES;
				SDKROOT = iphoneos;
				SWIFT_ACTIVE_COMPILATION_CONDITIONS = "DEBUG $(inherited)";
				SWIFT_OPTIMIZATION_LEVEL = "-Onone";
			};
			name = Debug;
		};
		7532A6492C0A4D5400CB67DA /* Release */ = {
			isa = XCBuildConfiguration;
			buildSettings = {
				ALWAYS_SEARCH_USER_PATHS = NO;
				ASSETCATALOG_COMPILER_GENERATE_SWIFT_ASSET_SYMBOL_EXTENSIONS = YES;
				CLANG_ANALYZER_NONNULL = YES;
				CLANG_ANALYZER_NUMBER_OBJECT_CONVERSION = YES_AGGRESSIVE;
				CLANG_CXX_LANGUAGE_STANDARD = "gnu++20";
				CLANG_ENABLE_MODULES = YES;
				CLANG_ENABLE_OBJC_ARC = YES;
				CLANG_ENABLE_OBJC_WEAK = YES;
				CLANG_WARN_BLOCK_CAPTURE_AUTORELEASING = YES;
				CLANG_WARN_BOOL_CONVERSION = YES;
				CLANG_WARN_COMMA = YES;
				CLANG_WARN_CONSTANT_CONVERSION = YES;
				CLANG_WARN_DEPRECATED_OBJC_IMPLEMENTATIONS = YES;
				CLANG_WARN_DIRECT_OBJC_ISA_USAGE = YES_ERROR;
				CLANG_WARN_DOCUMENTATION_COMMENTS = YES;
				CLANG_WARN_EMPTY_BODY = YES;
				CLANG_WARN_ENUM_CONVERSION = YES;
				CLANG_WARN_INFINITE_RECURSION = YES;
				CLANG_WARN_INT_CONVERSION = YES;
				CLANG_WARN_NON_LITERAL_NULL_CONVERSION = YES;
				CLANG_WARN_OBJC_IMPLICIT_RETAIN_SELF = YES;
				CLANG_WARN_OBJC_LITERAL_CONVERSION = YES;
				CLANG_WARN_OBJC_ROOT_CLASS = YES_ERROR;
				CLANG_WARN_QUOTED_INCLUDE_IN_FRAMEWORK_HEADER = YES;
				CLANG_WARN_RANGE_LOOP_ANALYSIS = YES;
				CLANG_WARN_STRICT_PROTOTYPES = YES;
				CLANG_WARN_SUSPICIOUS_MOVE = YES;
				CLANG_WARN_UNGUARDED_AVAILABILITY = YES_AGGRESSIVE;
				CLANG_WARN_UNREACHABLE_CODE = YES;
				CLANG_WARN__DUPLICATE_METHOD_MATCH = YES;
				COPY_PHASE_STRIP = NO;
				DEBUG_INFORMATION_FORMAT = "dwarf-with-dsym";
				ENABLE_NS_ASSERTIONS = NO;
				ENABLE_STRICT_OBJC_MSGSEND = YES;
				ENABLE_USER_SCRIPT_SANDBOXING = YES;
				GCC_C_LANGUAGE_STANDARD = gnu17;
				GCC_NO_COMMON_BLOCKS = YES;
				GCC_WARN_64_TO_32_BIT_CONVERSION = YES;
				GCC_WARN_ABOUT_RETURN_TYPE = YES_ERROR;
				GCC_WARN_UNDECLARED_SELECTOR = YES;
				GCC_WARN_UNINITIALIZED_AUTOS = YES_AGGRESSIVE;
				GCC_WARN_UNUSED_FUNCTION = YES;
				GCC_WARN_UNUSED_VARIABLE = YES;
				IPHONEOS_DEPLOYMENT_TARGET = 17.5;
				LOCALIZATION_PREFERS_STRING_CATALOGS = YES;
				MTL_ENABLE_DEBUG_INFO = NO;
				MTL_FAST_MATH = YES;
				SDKROOT = iphoneos;
				SWIFT_COMPILATION_MODE = wholemodule;
				VALIDATE_PRODUCT = YES;
			};
			name = Release;
		};
		7532A64B2C0A4D5400CB67DA /* Debug */ = {
			isa = XCBuildConfiguration;
			buildSettings = {
				ASSETCATALOG_COMPILER_APPICON_NAME = AppIcon;
				ASSETCATALOG_COMPILER_GLOBAL_ACCENT_COLOR_NAME = AccentColor;
				CODE_SIGN_STYLE = Automatic;
				CURRENT_PROJECT_VERSION = 1;
				DEVELOPMENT_ASSET_PATHS = "\"Whiskey-Recommender-Application/Preview Content\"";
				ENABLE_PREVIEWS = YES;
				GENERATE_INFOPLIST_FILE = YES;
				INFOPLIST_KEY_UIApplicationSceneManifest_Generation = YES;
				INFOPLIST_KEY_UIApplicationSupportsIndirectInputEvents = YES;
				INFOPLIST_KEY_UILaunchScreen_Generation = YES;
				INFOPLIST_KEY_UISupportedInterfaceOrientations_iPad = "UIInterfaceOrientationPortrait UIInterfaceOrientationPortraitUpsideDown UIInterfaceOrientationLandscapeLeft UIInterfaceOrientationLandscapeRight";
				INFOPLIST_KEY_UISupportedInterfaceOrientations_iPhone = "UIInterfaceOrientationPortrait UIInterfaceOrientationLandscapeLeft UIInterfaceOrientationLandscapeRight";
				LD_RUNPATH_SEARCH_PATHS = (
					"$(inherited)",
					"@executable_path/Frameworks",
				);
				MARKETING_VERSION = 1.0;
				PRODUCT_BUNDLE_IDENTIFIER = "co.nick-carroll1.Whiskey-Recommender-Application";
				PRODUCT_NAME = "$(TARGET_NAME)";
				SWIFT_EMIT_LOC_STRINGS = YES;
				SWIFT_VERSION = 5.0;
				TARGETED_DEVICE_FAMILY = "1,2";
			};
			name = Debug;
		};
		7532A64C2C0A4D5400CB67DA /* Release */ = {
			isa = XCBuildConfiguration;
			buildSettings = {
				ASSETCATALOG_COMPILER_APPICON_NAME = AppIcon;
				ASSETCATALOG_COMPILER_GLOBAL_ACCENT_COLOR_NAME = AccentColor;
				CODE_SIGN_STYLE = Automatic;
				CURRENT_PROJECT_VERSION = 1;
				DEVELOPMENT_ASSET_PATHS = "\"Whiskey-Recommender-Application/Preview Content\"";
				ENABLE_PREVIEWS = YES;
				GENERATE_INFOPLIST_FILE = YES;
				INFOPLIST_KEY_UIApplicationSceneManifest_Generation = YES;
				INFOPLIST_KEY_UIApplicationSupportsIndirectInputEvents = YES;
				INFOPLIST_KEY_UILaunchScreen_Generation = YES;
				INFOPLIST_KEY_UISupportedInterfaceOrientations_iPad = "UIInterfaceOrientationPortrait UIInterfaceOrientationPortraitUpsideDown UIInterfaceOrientationLandscapeLeft UIInterfaceOrientationLandscapeRight";
				INFOPLIST_KEY_UISupportedInterfaceOrientations_iPhone = "UIInterfaceOrientationPortrait UIInterfaceOrientationLandscapeLeft UIInterfaceOrientationLandscapeRight";
				LD_RUNPATH_SEARCH_PATHS = (
					"$(inherited)",
					"@executable_path/Frameworks",
				);
				MARKETING_VERSION = 1.0;
				PRODUCT_BUNDLE_IDENTIFIER = "co.nick-carroll1.Whiskey-Recommender-Application";
				PRODUCT_NAME = "$(TARGET_NAME)";
				SWIFT_EMIT_LOC_STRINGS = YES;
				SWIFT_VERSION = 5.0;
				TARGETED_DEVICE_FAMILY = "1,2";
			};
			name = Release;
		};
		7532A64E2C0A4D5400CB67DA /* Debug */ = {
			isa = XCBuildConfiguration;
			buildSettings = {
				ALWAYS_EMBED_SWIFT_STANDARD_LIBRARIES = YES;
				BUNDLE_LOADER = "$(TEST_HOST)";
				CODE_SIGN_STYLE = Automatic;
				CURRENT_PROJECT_VERSION = 1;
				GENERATE_INFOPLIST_FILE = YES;
				IPHONEOS_DEPLOYMENT_TARGET = 17.5;
				MARKETING_VERSION = 1.0;
				PRODUCT_BUNDLE_IDENTIFIER = "co.nick-carroll1.Whiskey-Recommender-ApplicationTests";
				PRODUCT_NAME = "$(TARGET_NAME)";
				SWIFT_EMIT_LOC_STRINGS = NO;
				SWIFT_VERSION = 5.0;
				TARGETED_DEVICE_FAMILY = "1,2";
				TEST_HOST = "$(BUILT_PRODUCTS_DIR)/Whiskey-Recommender-Application.app/$(BUNDLE_EXECUTABLE_FOLDER_PATH)/Whiskey-Recommender-Application";
			};
			name = Debug;
		};
		7532A64F2C0A4D5400CB67DA /* Release */ = {
			isa = XCBuildConfiguration;
			buildSettings = {
				ALWAYS_EMBED_SWIFT_STANDARD_LIBRARIES = YES;
				BUNDLE_LOADER = "$(TEST_HOST)";
				CODE_SIGN_STYLE = Automatic;
				CURRENT_PROJECT_VERSION = 1;
				GENERATE_INFOPLIST_FILE = YES;
				IPHONEOS_DEPLOYMENT_TARGET = 17.5;
				MARKETING_VERSION = 1.0;
				PRODUCT_BUNDLE_IDENTIFIER = "co.nick-carroll1.Whiskey-Recommender-ApplicationTests";
				PRODUCT_NAME = "$(TARGET_NAME)";
				SWIFT_EMIT_LOC_STRINGS = NO;
				SWIFT_VERSION = 5.0;
				TARGETED_DEVICE_FAMILY = "1,2";
				TEST_HOST = "$(BUILT_PRODUCTS_DIR)/Whiskey-Recommender-Application.app/$(BUNDLE_EXECUTABLE_FOLDER_PATH)/Whiskey-Recommender-Application";
			};
			name = Release;
		};
		7532A6512C0A4D5400CB67DA /* Debug */ = {
			isa = XCBuildConfiguration;
			buildSettings = {
				ALWAYS_EMBED_SWIFT_STANDARD_LIBRARIES = YES;
				CODE_SIGN_STYLE = Automatic;
				CURRENT_PROJECT_VERSION = 1;
				GENERATE_INFOPLIST_FILE = YES;
				MARKETING_VERSION = 1.0;
				PRODUCT_BUNDLE_IDENTIFIER = "co.nick-carroll1.Whiskey-Recommender-ApplicationUITests";
				PRODUCT_NAME = "$(TARGET_NAME)";
				SWIFT_EMIT_LOC_STRINGS = NO;
				SWIFT_VERSION = 5.0;
				TARGETED_DEVICE_FAMILY = "1,2";
				TEST_TARGET_NAME = "Whiskey-Recommender-Application";
			};
			name = Debug;
		};
		7532A6522C0A4D5400CB67DA /* Release */ = {
			isa = XCBuildConfiguration;
			buildSettings = {
				ALWAYS_EMBED_SWIFT_STANDARD_LIBRARIES = YES;
				CODE_SIGN_STYLE = Automatic;
				CURRENT_PROJECT_VERSION = 1;
				GENERATE_INFOPLIST_FILE = YES;
				MARKETING_VERSION = 1.0;
				PRODUCT_BUNDLE_IDENTIFIER = "co.nick-carroll1.Whiskey-Recommender-ApplicationUITests";
				PRODUCT_NAME = "$(TARGET_NAME)";
				SWIFT_EMIT_LOC_STRINGS = NO;
				SWIFT_VERSION = 5.0;
				TARGETED_DEVICE_FAMILY = "1,2";
				TEST_TARGET_NAME = "Whiskey-Recommender-Application";
			};
			name = Release;
		};
/* End XCBuildConfiguration section */

/* Begin XCConfigurationList section */
		7532A6212C0A4D4E00CB67DA /* Build configuration list for PBXProject "Whiskey-Recommender-Application" */ = {
			isa = XCConfigurationList;
			buildConfigurations = (
				7532A6482C0A4D5400CB67DA /* Debug */,
				7532A6492C0A4D5400CB67DA /* Release */,
			);
			defaultConfigurationIsVisible = 0;
			defaultConfigurationName = Release;
		};
		7532A64A2C0A4D5400CB67DA /* Build configuration list for PBXNativeTarget "Whiskey-Recommender-Application" */ = {
			isa = XCConfigurationList;
			buildConfigurations = (
				7532A64B2C0A4D5400CB67DA /* Debug */,
				7532A64C2C0A4D5400CB67DA /* Release */,
			);
			defaultConfigurationIsVisible = 0;
			defaultConfigurationName = Release;
		};
		7532A64D2C0A4D5400CB67DA /* Build configuration list for PBXNativeTarget "Whiskey-Recommender-ApplicationTests" */ = {
			isa = XCConfigurationList;
			buildConfigurations = (
				7532A64E2C0A4D5400CB67DA /* Debug */,
				7532A64F2C0A4D5400CB67DA /* Release */,
			);
			defaultConfigurationIsVisible = 0;
			defaultConfigurationName = Release;
		};
		7532A6502C0A4D5400CB67DA /* Build configuration list for PBXNativeTarget "Whiskey-Recommender-ApplicationUITests" */ = {
			isa = XCConfigurationList;
			buildConfigurations = (
				7532A6512C0A4D5400CB67DA /* Debug */,
				7532A6522C0A4D5400CB67DA /* Release */,
			);
			defaultConfigurationIsVisible = 0;
			defaultConfigurationName = Release;
		};
/* End XCConfigurationList section */
	};
	rootObject = 7532A61E2C0A4D4E00CB67DA /* Project object */;
}
